<?xml version="1.0" encoding="UTF-8" standalone="yes" ?>
<CodeBlocks_project_file>
	<FileVersion major="1" minor="6" />
	<Project>
		<Option title="imp-re" />
		<Option pch_mode="2" />
		<Option compiler="gcc" />
		<Build>
			<Target title="Debug">
				<Option output="bin/imp-re" prefix_auto="1" extension_auto="1" />
				<Option working_dir="bin/" />
				<Option object_output="obj/" />
				<Option type="1" />
				<Option compiler="gcc" />
				<Option use_console_runner="0" />
				<Compiler>
					<Add option="-D_GLIBCXX_DEBUG" />
					<Add option="-g" />
				</Compiler>
			</Target>
			<Target title="Release">
				<Option output="bin/imp-re" prefix_auto="1" extension_auto="1" />
				<Option working_dir="bin/" />
				<Option object_output="obj/" />
				<Option type="0" />
				<Option compiler="gcc" />
				<Compiler>
					<Add option="-flto" />
					<Add option="-O3" />
					<Add option="-DNDEBUG" />
				</Compiler>
				<Linker>
					<Add option="-flto" />
					<Add option="-s" />
				</Linker>
			</Target>
		</Build>
		<Compiler>
			<Add option="-pedantic-errors" />
			<Add option="-Wextra" />
			<Add option="-Wall" />
			<Add option="-include src/utils/common.h" />
			<Add option="-std=c++2a" />
			<Add directory="lib/include" />
			<Add directory="src" />
			<Add directory="src/graphics" />
			<Add directory="src/interface" />
			<Add directory="src/program" />
			<Add directory="src/utils" />
		</Compiler>
		<Linker>
			<Add option="-static" />
			<Add library="mingw32" />
			<Add library="SDL2main" />
			<Add library="SDL2.dll" />
			<Add library="z" />
			<Add directory="lib" />
		</Linker>
		<Unit filename="gen/make_mat_h.cpp">
			<Option compile="0" />
			<Option link="0" />
			<Option weight="100" />
			<Option compiler="gcc" use="1" buildCommand="gen\make_mat_h.bat\ngen\touch.bat $object" />
			<Option target="&lt;{~None~}&gt;" />
		</Unit>
		<Unit filename="lib/glfl.cpp">
			<Option compiler="gcc" use="1" buildCommand="$compiler $options $includes -c $file -o $object -g0 -O3" />
		</Unit>
		<Unit filename="lib/implementation.cpp">
			<Option compiler="gcc" use="1" buildCommand="$compiler $options $includes -c $file -o $object -g0 -O3" />
		</Unit>
		<Unit filename="src/graphics/image.h" />
		<Unit filename="src/interface/input.h" />
		<Unit filename="src/interface/messagebox.cpp" />
		<Unit filename="src/interface/messagebox.h" />
		<Unit filename="src/interface/window.cpp" />
		<Unit filename="src/interface/window.h" />
		<Unit filename="src/main.cpp" />
		<Unit filename="src/program/errors.h" />
		<Unit filename="src/program/exit.h" />
		<Unit filename="src/program/parachute.h" />
		<Unit filename="src/utils/archive.cpp" />
		<Unit filename="src/utils/archive.h" />
		<Unit filename="src/utils/common.h" />
		<Unit filename="src/utils/dynamic_storage.h" />
		<Unit filename="src/utils/finally.h" />
		<Unit filename="src/utils/macro.h" />
		<Unit filename="src/utils/mat.h" />
		<Unit filename="src/utils/memory_file.h" />
		<Unit filename="src/utils/reflection.h" />
		<Unit filename="src/utils/strings.h" />
		<Extensions>
			<code_completion />
			<envvars />
			<debugger />
			<lib_finder disable_auto="1" />
		</Extensions>
	</Project>
</CodeBlocks_project_file>
