<?xml version="1.0" encoding="UTF-8" standalone="yes" ?>
<CodeBlocks_project_file>
	<FileVersion major="1" minor="6" />
	<Project>
		<Option title="imp-re" />
		<Option pch_mode="2" />
		<Option compiler="gcc" />
		<Build>
			<Target title="Debug">
				<Option output="bin/imp-re" prefix_auto="1" extension_auto="1" />
				<Option working_dir="bin/" />
				<Option object_output="obj/" />
				<Option type="1" />
				<Option compiler="gcc" />
				<Option use_console_runner="0" />
				<Compiler>
					<Add option="-D_GLIBCXX_DEBUG" />
					<Add option="-g" />
				</Compiler>
			</Target>
			<Target title="Release">
				<Option output="bin/imp-re" prefix_auto="1" extension_auto="1" />
				<Option working_dir="bin/" />
				<Option object_output="obj/" />
				<Option type="0" />
				<Option compiler="gcc" />
				<Compiler>
					<Add option="-flto" />
					<Add option="-O3" />
					<Add option="-DNDEBUG" />
				</Compiler>
				<Linker>
					<Add option="-flto" />
					<Add option="-s" />
				</Linker>
			</Target>
			<Target title="Debug (w/ GL logs)">
				<Option output="bin/imp-re" prefix_auto="1" extension_auto="1" />
				<Option working_dir="bin/" />
				<Option object_output="obj/" />
				<Option type="1" />
				<Option compiler="gcc" />
				<Compiler>
					<Add option="-D_GLIBCXX_DEBUG" />
					<Add option="-g" />
					<Add option="-DGLFL_ENABLE_PROXY" />
				</Compiler>
			</Target>
		</Build>
		<Compiler>
			<Add option="-pedantic-errors" />
			<Add option="-Wextra" />
			<Add option="-Wall" />
			<Add option="-std=c++2a" />
			<Add option="-include src/utils/_common.h" />
			<Add directory="lib/include" />
			<Add directory="src" />
		</Compiler>
		<Linker>
			<Add library="mingw32" />
			<Add library="SDL2main" />
			<Add library="SDL2.dll" />
			<Add library="z" />
			<Add library="freetype" />
			<Add directory="lib" />
		</Linker>
		<Unit filename="gen/make_macro_h.cpp">
			<Option compile="0" />
			<Option link="0" />
		</Unit>
		<Unit filename="gen/make_mat_h.cpp">
			<Option compile="0" />
			<Option link="0" />
			<Option weight="100" />
			<Option compiler="gcc" use="1" buildCommand="gen\make_mat_h.bat\ngen\touch.bat $object" />
		</Unit>
		<Unit filename="lib/glfl.cpp">
			<Option compiler="gcc" use="1" buildCommand="$compiler $options $includes -c $file -o $object -g0 -O3" />
		</Unit>
		<Unit filename="lib/implementation.cpp">
			<Option compiler="gcc" use="1" buildCommand="$compiler $options $includes -c $file -o $object -g0 -O3" />
		</Unit>
		<Unit filename="src/game/adaptive_viewport.cpp" />
		<Unit filename="src/game/adaptive_viewport.h" />
		<Unit filename="src/game/controls.h" />
		<Unit filename="src/game/meta.cpp" />
		<Unit filename="src/game/meta.h" />
		<Unit filename="src/game/render.cpp" />
		<Unit filename="src/game/render.h" />
		<Unit filename="src/game/state.h" />
		<Unit filename="src/game/states/common/config.h" />
		<Unit filename="src/game/states/common/fade.cpp" />
		<Unit filename="src/game/states/common/fade.h" />
		<Unit filename="src/game/states/menu.h" />
		<Unit filename="src/game/states/menu/background.cpp" />
		<Unit filename="src/game/states/menu/background.h" />
		<Unit filename="src/game/states/menu/buttons.cpp" />
		<Unit filename="src/game/states/menu/buttons.h" />
		<Unit filename="src/game/states/menu/config.h" />
		<Unit filename="src/game/states/world.h" />
		<Unit filename="src/game/states/world/camera.cpp" />
		<Unit filename="src/game/states/world/camera.h" />
		<Unit filename="src/game/states/world/player_controller.h" />
		<Unit filename="src/game/states/world/tile_map.cpp" />
		<Unit filename="src/game/states/world/tile_map.h" />
		<Unit filename="src/game/texture_atlas.cpp" />
		<Unit filename="src/game/texture_atlas.h" />
		<Unit filename="src/graphics/blending.h" />
		<Unit filename="src/graphics/clear.h" />
		<Unit filename="src/graphics/complete.h" />
		<Unit filename="src/graphics/errors.h" />
		<Unit filename="src/graphics/font.h" />
		<Unit filename="src/graphics/framebuffer.h" />
		<Unit filename="src/graphics/image.h" />
		<Unit filename="src/graphics/render_queue.h" />
		<Unit filename="src/graphics/shader.h" />
		<Unit filename="src/graphics/texture.h" />
		<Unit filename="src/graphics/vertex_buffer.h" />
		<Unit filename="src/graphics/viewport.h" />
		<Unit filename="src/input/button.h" />
		<Unit filename="src/input/complete.h" />
		<Unit filename="src/input/enum.h" />
		<Unit filename="src/input/mouse.h" />
		<Unit filename="src/interface/messagebox.cpp" />
		<Unit filename="src/interface/messagebox.h" />
		<Unit filename="src/interface/window.cpp" />
		<Unit filename="src/interface/window.h" />
		<Unit filename="src/program/errors.h" />
		<Unit filename="src/program/exit.h" />
		<Unit filename="src/program/parachute.h" />
		<Unit filename="src/reflection/complete.h" />
		<Unit filename="src/reflection/containers_std.h" />
		<Unit filename="src/reflection/interface.h" />
		<Unit filename="src/reflection/primitives_arithmetic.h" />
		<Unit filename="src/reflection/primitives_string.h" />
		<Unit filename="src/reflection/structures_array.h" />
		<Unit filename="src/reflection/structures_macro.h" />
		<Unit filename="src/reflection/structures_tuple.h" />
		<Unit filename="src/reflection/structures_vec_mat.h" />
		<Unit filename="src/utils/_common.h" />
		<Unit filename="src/utils/adjust.h" />
		<Unit filename="src/utils/archive.cpp" />
		<Unit filename="src/utils/archive.h" />
		<Unit filename="src/utils/clock.h" />
		<Unit filename="src/utils/config.h" />
		<Unit filename="src/utils/dynamic_storage.h" />
		<Unit filename="src/utils/filesystem.cpp" />
		<Unit filename="src/utils/filesystem.h" />
		<Unit filename="src/utils/finally.h" />
		<Unit filename="src/utils/json.cpp" />
		<Unit filename="src/utils/json.h" />
		<Unit filename="src/utils/macro.h" />
		<Unit filename="src/utils/mat.h" />
		<Unit filename="src/utils/memory_file.h" />
		<Unit filename="src/utils/meta.h" />
		<Unit filename="src/utils/metronome.h" />
		<Unit filename="src/utils/random.h" />
		<Unit filename="src/utils/resource_allocator.h" />
		<Unit filename="src/utils/robust_compare.h" />
		<Unit filename="src/utils/strings.h" />
		<Unit filename="src/utils/tasks.h" />
		<Extensions>
			<code_completion />
			<envvars />
			<debugger />
			<lib_finder disable_auto="1" />
		</Extensions>
	</Project>
</CodeBlocks_project_file>
